# This file is automatically @generated by Cargo.
# It is not intended for manual editing.
version = 4

[[package]]
name = "adler2"
version = "2.0.0"
source = "registry+https://github.com/rust-lang/crates.io-index"
checksum = "512761e0bb2578dd7380c6baaa0f4ce03e84f95e960231d1dec8bf4d7d6e2627"

[[package]]
name = "alphanumeric"
version = "0.2.0"
source = "registry+https://github.com/rust-lang/crates.io-index"
checksum = "497c98358c446f25a9818840e5ce86908d3ef2a0d6099ccc410a8f0eda4cd055"
dependencies = [
 "to_segments",
]

[[package]]
name = "android_system_properties"
version = "0.1.5"
source = "registry+https://github.com/rust-lang/crates.io-index"
checksum = "819e7219dbd41043ac279b19830f2efc897156490d7fd6ea916720117ee66311"
dependencies = [
 "libc",
]

[[package]]
name = "atoi_simd"
version = "0.18.1"
source = "registry+https://github.com/rust-lang/crates.io-index"
checksum = "f3cdb3708a128e559a30fb830e8a77a5022ee6902806925c216658652b452a44"
dependencies = [
 "debug_unsafe",
 "rustversion",
]

[[package]]
name = "autocfg"
version = "1.4.0"
source = "registry+https://github.com/rust-lang/crates.io-index"
checksum = "ace50bade8e6234aa140d9a2f552bbee1db4d353f69b8217bc503490fc1a9f26"

[[package]]
name = "bitflags"
version = "2.6.0"
source = "registry+https://github.com/rust-lang/crates.io-index"
checksum = "b048fb63fd8b5923fc5aa7b340d8e156aec7ec02f0c78fa8a6ddc2613f6f71de"

[[package]]
name = "bumpalo"
version = "3.20.3"
source = "registry+https://github.com/rust-lang/crates.io-index"
checksum = "72f5acc6cb2ba439de613abc23857ec3d78374d8ed5ac84e9d11336e87da8649"

[[package]]
name = "byteorder"
version = "1.5.0"
source = "registry+https://github.com/rust-lang/crates.io-index"
checksum = "1fd0f2584146f6f2ef48085050886acf353beff7305ebd1ae69500e27c67f64b"

[[package]]
name = "bytes"
version = "1.8.0"
source = "registry+https://github.com/rust-lang/crates.io-index"
checksum = "9ac0150caa2ae65ca5bd83f25c7de183dea78d4d366469f148435e2acfbad0da"

[[package]]
name = "calamine"
version = "0.36.0"
source = "registry+https://github.com/rust-lang/crates.io-index"
checksum = "6975084f43060e56343ffba7f9731fa52a7dcf2e1cd8e2459fd4c6bf4a1bff59"
dependencies = [
 "atoi_simd",
 "byteorder",
 "chrono",
 "codepage",
 "encoding_rs",
 "fast-float2",
 "log",
 "quick-xml",
 "serde",
 "zip",
]

[[package]]
name = "cc"
version = "1.2.67"
source = "registry+https://github.com/rust-lang/crates.io-index"
checksum = "e17dd265a7d0f31ef544e1b20e03add05d3b45b491b633b10d67145d2acc1a38"
dependencies = [
 "find-msvc-tools",
 "shlex",
]

[[package]]
name = "cfg-if"
version = "1.0.0"
source = "registry+https://github.com/rust-lang/crates.io-index"
checksum = "baf1de4339761588bc0619e3cbc0120ee582ebb74b53b4efbf79117bd2da40fd"

[[package]]
name = "chrono"
version = "0.4.45"
source = "registry+https://github.com/rust-lang/crates.io-index"
checksum = "1aa79e62e7697b8e29b513a68abacf485adcd1fe8284a4316c5ae868e6633327"
dependencies = [
 "iana-time-zone",
 "js-sys",
 "num-traits",
 "serde",
 "wasm-bindgen",
 "windows-link",
]

[[package]]
name = "codepage"
version = "0.1.2"
source = "registry+https://github.com/rust-lang/crates.io-index"
checksum = "48f68d061bc2828ae826206326e61251aca94c1e4a5305cf52d9138639c918b4"
dependencies = [
 "encoding_rs",
]

[[package]]
name = "core-foundation-sys"
version = "0.8.7"
source = "registry+https://github.com/rust-lang/crates.io-index"
checksum = "773648b94d0e5d620f64f280777445740e61fe701025087ec8b57f45c791888b"

[[package]]
name = "crc32fast"
version = "1.5.0"
source = "registry+https://github.com/rust-lang/crates.io-index"
checksum = "9481c1c90cbf2ac953f07c8d4a58aa3945c425b7185c9154d67a65e4230da511"
dependencies = [
 "cfg-if",
]

[[package]]
name = "csv"
version = "1.4.0"
source = "registry+https://github.com/rust-lang/crates.io-index"
checksum = "52cd9d68cf7efc6ddfaaee42e7288d3a99d613d4b50f76ce9827ae0c6e14f938"
dependencies = [
 "csv-core",
 "itoa",
 "ryu",
 "serde_core",
]

[[package]]
name = "csv-core"
version = "0.1.11"
source = "registry+https://github.com/rust-lang/crates.io-index"
checksum = "5efa2b3d7902f4b634a20cae3c9c4e6209dc4779feb6863329607560143efa70"
dependencies = [
 "memchr",
]

[[package]]
name = "debug_unsafe"
version = "0.1.4"
source = "registry+https://github.com/rust-lang/crates.io-index"
checksum = "7eed2c4702fa172d1ce21078faa7c5203e69f5394d48cc436d25928394a867a2"

[[package]]
name = "encoding_rs"
version = "0.8.35"
source = "registry+https://github.com/rust-lang/crates.io-index"
checksum = "75030f3c4f45dafd7586dd6780965a8c7e8e285a5ecb86713e63a79c5b2766f3"
dependencies = [
 "cfg-if",
]

[[package]]
name = "equivalent"
version = "1.0.1"
source = "registry+https://github.com/rust-lang/crates.io-index"
checksum = "5443807d6dff69373d433ab9ef5378ad8df50ca6298caf15de6e52e24aaf54d5"

[[package]]
name = "fast-float2"
version = "0.2.3"
source = "registry+https://github.com/rust-lang/crates.io-index"
checksum = "f8eb564c5c7423d25c886fb561d1e4ee69f72354d16918afa32c08811f6b6a55"

[[package]]
name = "find-msvc-tools"
version = "0.1.9"
source = "registry+https://github.com/rust-lang/crates.io-index"
checksum = "5baebc0774151f905a1a2cc41989300b1e6fbb29aff0ceffa1064fdd3088d582"

[[package]]
name = "flate2"
version = "1.1.9"
source = "registry+https://github.com/rust-lang/crates.io-index"
checksum = "843fba2746e448b37e26a819579957415c8cef339bf08564fe8b7ddbd959573c"
dependencies = [
 "miniz_oxide",
 "zlib-rs",
]

[[package]]
name = "futures-core"
version = "0.3.32"
source = "registry+https://github.com/rust-lang/crates.io-index"
checksum = "7e3450815272ef58cec6d564423f6e755e25379b217b0bc688e295ba24df6b1d"

[[package]]
name = "futures-task"
version = "0.3.32"
source = "registry+https://github.com/rust-lang/crates.io-index"
checksum = "037711b3d59c33004d3856fbdc83b99d4ff37a24768fa1be9ce3538a1cde4393"

[[package]]
name = "futures-util"
version = "0.3.32"
source = "registry+https://github.com/rust-lang/crates.io-index"
checksum = "389ca41296e6190b48053de0321d02a77f32f8a5d2461dd38762c0593805c6d6"
dependencies = [
 "futures-core",
 "futures-task",
 "pin-project-lite",
 "slab",
]

[[package]]
name = "fuzzy-datetime"
version = "0.1.2"
source = "registry+https://github.com/rust-lang/crates.io-index"
checksum = "23f08045e8bd9a1db5a85e57a6fdff001c8c5e84b35bc03dd00050423d24f84b"
dependencies = [
 "chrono",
 "simple-string-patterns 0.3.16",
]

[[package]]
name = "hashbrown"
version = "0.17.1"
source = "registry+https://github.com/rust-lang/crates.io-index"
checksum = "ed5909b6e89a2db4456e54cd5f673791d7eca6732202bbf2a9cc504fe2f9b84a"

[[package]]
name = "heck"
version = "0.5.0"
source = "registry+https://github.com/rust-lang/crates.io-index"
checksum = "2304e00983f87ffb38b55b444b5e3b60a884b5d30c0fca7d82fe33449bbe55ea"

[[package]]
name = "iana-time-zone"
version = "0.1.61"
source = "registry+https://github.com/rust-lang/crates.io-index"
checksum = "235e081f3925a06703c2d0117ea8b91f042756fd6e7a6e5d901e8ca1a996b220"
dependencies = [
 "android_system_properties",
 "core-foundation-sys",
 "iana-time-zone-haiku",
 "js-sys",
 "wasm-bindgen",
 "windows-core",
]

[[package]]
name = "iana-time-zone-haiku"
version = "0.1.2"
source = "registry+https://github.com/rust-lang/crates.io-index"
checksum = "f31827a206f56af32e590ba56d5d2d085f558508192593743f16b2306495269f"
dependencies = [
 "cc",
]

[[package]]
name = "indexmap"
version = "2.14.0"
source = "registry+https://github.com/rust-lang/crates.io-index"
checksum = "d466e9454f08e4a911e14806c24e16fba1b4c121d1ea474396f396069cf949d9"
dependencies = [
 "equivalent",
 "hashbrown",
 "serde",
 "serde_core",
]

[[package]]
name = "is-truthy"
version = "0.1.1"
source = "registry+https://github.com/rust-lang/crates.io-index"
checksum = "de388762e01db584856ba04d2c0e7fd625a8339e1a7318cff5fb7f46fb02bc83"
dependencies = [
 "alphanumeric",
 "simple-string-patterns 0.4.0",
]

[[package]]
name = "itoa"
version = "1.0.14"
source = "registry+https://github.com/rust-lang/crates.io-index"
checksum = "d75a2a4b1b190afb6f5425f10f6a8f959d2ea0b9c2b1d79553551850539e4674"

[[package]]
name = "js-sys"
version = "0.3.103"
source = "registry+https://github.com/rust-lang/crates.io-index"
checksum = "53b44bfcdb3f8d5837a46dae1ca9660a837176eee74a28b229bc626816589102"
dependencies = [
 "cfg-if",
 "futures-util",
 "wasm-bindgen",
]

[[package]]
name = "libc"
version = "0.2.186"
source = "registry+https://github.com/rust-lang/crates.io-index"
checksum = "68ab91017fe16c622486840e4c83c9a37afeff978bd239b5293d61ece587de66"

[[package]]
name = "lock_api"
version = "0.4.12"
source = "registry+https://github.com/rust-lang/crates.io-index"
checksum = "07af8b9cdd281b7915f413fa73f29ebd5d55d0d3f0155584dade1ff18cea1b17"
dependencies = [
 "autocfg",
 "scopeguard",
]

[[package]]
name = "log"
version = "0.4.33"
source = "registry+https://github.com/rust-lang/crates.io-index"
checksum = "0ceec5bc11778974d1bcb055b18002eba7f4b3518b6a0081b3af5f21666da9ad"

[[package]]
name = "memchr"
version = "2.7.4"
source = "registry+https://github.com/rust-lang/crates.io-index"
checksum = "78ca9ab1a0babb1e7d5695e3530886289c18cf2f87ec19a575a0abdce112e3a3"

[[package]]
name = "miniz_oxide"
version = "0.8.9"
source = "registry+https://github.com/rust-lang/crates.io-index"
checksum = "1fa76a2c86f704bdb222d66965fb3d63269ce38518b83cb0575fca855ebb6316"
dependencies = [
 "adler2",
 "simd-adler32",
]

[[package]]
name = "mio"
version = "1.2.1"
source = "registry+https://github.com/rust-lang/crates.io-index"
checksum = "02bd0af71c67b473010cbbc60715ee815645a4dc942899111f494b4b737d6fda"
dependencies = [
 "libc",
 "wasi",
 "windows-sys",
]

[[package]]
name = "num-traits"
version = "0.2.19"
source = "registry+https://github.com/rust-lang/crates.io-index"
checksum = "071dfc062690e90b734c0b2273ce72ad0ffa95f0c74596bc250dcfd960262841"
dependencies = [
 "autocfg",
]

[[package]]
name = "once_cell"
version = "1.20.2"
source = "registry+https://github.com/rust-lang/crates.io-index"
checksum = "1261fe7e33c73b354eab43b1273a57c8f967d0391e80353e51f764ac02cf6775"

[[package]]
name = "parking_lot"
version = "0.12.3"
source = "registry+https://github.com/rust-lang/crates.io-index"
checksum = "f1bf18183cf54e8d6059647fc3063646a1801cf30896933ec2311622cc4b9a27"
dependencies = [
 "lock_api",
 "parking_lot_core",
]

[[package]]
name = "parking_lot_core"
version = "0.9.10"
source = "registry+https://github.com/rust-lang/crates.io-index"
checksum = "1e401f977ab385c9e4e3ab30627d6f26d00e2c73eef317493c4ec6d468726cf8"
dependencies = [
 "cfg-if",
 "libc",
 "redox_syscall",
 "smallvec",
 "windows-targets",
]

[[package]]
name = "pin-project-lite"
version = "0.2.15"
source = "registry+https://github.com/rust-lang/crates.io-index"
checksum = "915a1e146535de9163f3987b8944ed8cf49a18bb0056bcebcdcece385cece4ff"

[[package]]
name = "proc-macro2"
version = "1.0.92"
source = "registry+https://github.com/rust-lang/crates.io-index"
checksum = "37d3544b3f2748c54e147655edb5025752e2303145b5aefb3c3ea2c78b973bb0"
dependencies = [
 "unicode-ident",
]

[[package]]
name = "quick-xml"
version = "0.41.0"
source = "registry+https://github.com/rust-lang/crates.io-index"
checksum = "e660451e55124f798a69a5af3f49ccfbefbd41910eefd25caf2393e1f3473ec1"
dependencies = [
 "encoding_rs",
 "memchr",
]

[[package]]
name = "quote"
version = "1.0.37"
source = "registry+https://github.com/rust-lang/crates.io-index"
checksum = "b5b9d34b8991d19d98081b46eacdd8eb58c6f2b201139f7c5f643cc155a633af"
dependencies = [
 "proc-macro2",
]

[[package]]
name = "redox_syscall"
version = "0.5.7"
source = "registry+https://github.com/rust-lang/crates.io-index"
checksum = "9b6dfecf2c74bce2466cabf93f6664d6998a69eb21e39f4207930065b27b771f"
dependencies = [
 "bitflags",
]

[[package]]
name = "rustversion"
version = "1.0.23"
source = "registry+https://github.com/rust-lang/crates.io-index"
checksum = "cf54715a573b99ac80df0bc206da022bcd442c974952c7b9720069370852e21f"

[[package]]
name = "ryu"
version = "1.0.18"
source = "registry+https://github.com/rust-lang/crates.io-index"
checksum = "f3cb5ba0dc43242ce17de99c180e96db90b235b8a9fdc9543c96d2209116bd9f"

[[package]]
name = "scopeguard"
version = "1.2.0"
source = "registry+https://github.com/rust-lang/crates.io-index"
checksum = "94143f37725109f92c262ed2cf5e59bce7498c01bcc1502d7b9afe439a4e9f49"

[[package]]
name = "serde"
version = "1.0.228"
source = "registry+https://github.com/rust-lang/crates.io-index"
checksum = "9a8e94ea7f378bd32cbbd37198a4a91436180c5bb472411e48b5ec2e2124ae9e"
dependencies = [
 "serde_core",
 "serde_derive",
]

[[package]]
name = "serde_core"
version = "1.0.228"
source = "registry+https://github.com/rust-lang/crates.io-index"
checksum = "41d385c7d4ca58e59fc732af25c3983b67ac852c1a25000afe1175de458b67ad"
dependencies = [
 "serde_derive",
]

[[package]]
name = "serde_derive"
version = "1.0.228"
source = "registry+https://github.com/rust-lang/crates.io-index"
checksum = "d540f220d3187173da220f885ab66608367b6574e925011a9353e4badda91d79"
dependencies = [
 "proc-macro2",
 "quote",
 "syn",
]

[[package]]
name = "serde_json"
version = "1.0.150"
source = "registry+https://github.com/rust-lang/crates.io-index"
checksum = "e8014e44b4736ed0538adeecded0fce2a272f22dc9578a7eb6b2d9993c74cfb9"
dependencies = [
 "indexmap",
 "itoa",
 "memchr",
 "serde",
 "serde_core",
 "zmij",
]

[[package]]
name = "shlex"
version = "2.0.1"
source = "registry+https://github.com/rust-lang/crates.io-index"
checksum = "f8fadd59c855ef2080decdef8ff161eb6661b86933c9d82e5ba29dc602a55aba"

[[package]]
name = "signal-hook-registry"
version = "1.4.2"
source = "registry+https://github.com/rust-lang/crates.io-index"
checksum = "a9e9e0b4211b72e7b8b6e85c807d36c212bdb33ea8587f7569562a84df5465b1"
dependencies = [
 "libc",
]

[[package]]
name = "simd-adler32"
version = "0.3.7"
source = "registry+https://github.com/rust-lang/crates.io-index"
checksum = "d66dc143e6b11c1eddc06d5c423cfc97062865baf299914ab64caa38182078fe"

[[package]]
name = "simple-string-patterns"
version = "0.3.16"
source = "registry+https://github.com/rust-lang/crates.io-index"
checksum = "a94730aaeff8fc9f5517e8c81248fc5c9bfeba1aa846866550b883f34a6f2bee"

[[package]]
name = "simple-string-patterns"
version = "0.4.0"
source = "registry+https://github.com/rust-lang/crates.io-index"
checksum = "8f527fa1337913ce8abe0cfff89ae2aa1bb100e5d53892cf54256c6d779108a0"
dependencies = [
 "alphanumeric",
]

[[package]]
name = "slab"
version = "0.4.12"
source = "registry+https://github.com/rust-lang/crates.io-index"
checksum = "0c790de23124f9ab44544d7ac05d60440adc586479ce501c1d6d7da3cd8c9cf5"

[[package]]
name = "smallvec"
version = "1.13.2"
source = "registry+https://github.com/rust-lang/crates.io-index"
checksum = "3c5e1a9a646d36c3599cd173a41282daf47c44583ad367b8e6837255952e5c67"

[[package]]
name = "socket2"
version = "0.6.4"
source = "registry+https://github.com/rust-lang/crates.io-index"
checksum = "52d1cfed4120b4d927bf7c0f86d2087a4a7d6027c906d9f9d525a80573b9be51"
dependencies = [
 "libc",
 "windows-sys",
]

[[package]]
name = "spreadsheet-to-json"
version = "0.1.14"
dependencies = [
 "alphanumeric",
 "calamine",
 "chrono",
 "csv",
 "fuzzy-datetime",
 "heck",
 "indexmap",
 "is-truthy",
 "serde",
 "serde_json",
 "simple-string-patterns 0.4.0",
 "to_segments",
 "tokio",
]

[[package]]
name = "syn"
version = "2.0.90"
source = "registry+https://github.com/rust-lang/crates.io-index"
checksum = "919d3b74a5dd0ccd15aeb8f93e7006bd9e14c295087c9896a110f490752bcf31"
dependencies = [
 "proc-macro2",
 "quote",
 "unicode-ident",
]

[[package]]
name = "to_segments"
version = "0.1.2"
source = "registry+https://github.com/rust-lang/crates.io-index"
checksum = "4a31b9217f3bf6330cc57fc844a853bfd0dd37c30572bccdfe236d193209ff91"

[[package]]
name = "tokio"
version = "1.52.3"
source = "registry+https://github.com/rust-lang/crates.io-index"
checksum = "8fc7f01b389ac15039e4dc9531aa973a135d7a4135281b12d7c1bc79fd57fffe"
dependencies = [
 "bytes",
 "libc",
 "mio",
 "parking_lot",
 "pin-project-lite",
 "signal-hook-registry",
 "socket2",
 "tokio-macros",
 "windows-sys",
]

[[package]]
name = "tokio-macros"
version = "2.7.0"
source = "registry+https://github.com/rust-lang/crates.io-index"
checksum = "385a6cb71ab9ab790c5fe8d67f1645e6c450a7ce006a33de03daa956cf70a496"
dependencies = [
 "proc-macro2",
 "quote",
 "syn",
]

[[package]]
name = "typed-path"
version = "0.12.3"
source = "registry+https://github.com/rust-lang/crates.io-index"
checksum = "8e28f89b80c87b8fb0cf04ab448d5dd0dd0ade2f8891bae878de66a75a28600e"

[[package]]
name = "unicode-ident"
version = "1.0.14"
source = "registry+https://github.com/rust-lang/crates.io-index"
checksum = "adb9e6ca4f869e1180728b7950e35922a7fc6397f7b641499e8f3ef06e50dc83"

[[package]]
name = "wasi"
version = "0.11.0+wasi-snapshot-preview1"
source = "registry+https://github.com/rust-lang/crates.io-index"
checksum = "9c8d87e72b64a3b4db28d11ce29237c246188f4f51057d65a7eab63b7987e423"

[[package]]
name = "wasm-bindgen"
version = "0.2.126"
source = "registry+https://github.com/rust-lang/crates.io-index"
checksum = "4b067c0c11094aef6b7a801c1e34a26affafdf3d051dba08456b868789aaf9a4"
dependencies = [
 "cfg-if",
 "once_cell",
 "rustversion",
 "wasm-bindgen-macro",
 "wasm-bindgen-shared",
]

[[package]]
name = "wasm-bindgen-macro"
version = "0.2.126"
source = "registry+https://github.com/rust-lang/crates.io-index"
checksum = "167ce5e579f6bcf889c4f7175a8a5a585de84e8ff93976ce393efa5f2837aab1"
dependencies = [
 "quote",
 "wasm-bindgen-macro-support",
]

[[package]]
name = "wasm-bindgen-macro-support"
version = "0.2.126"
source = "registry+https://github.com/rust-lang/crates.io-index"
checksum = "f3997c7839262f4ef12cf90b818d6340c18e80f263f1a94bf157d0ec4420380e"
dependencies = [
 "bumpalo",
 "proc-macro2",
 "quote",
 "syn",
 "wasm-bindgen-shared",
]

[[package]]
name = "wasm-bindgen-shared"
version = "0.2.126"
source = "registry+https://github.com/rust-lang/crates.io-index"
checksum = "dc1b4cb0cc549fcf58d7dfc081778139b3d283a081644e833e84682ad71cea24"
dependencies = [
 "unicode-ident",
]

[[package]]
name = "windows-core"
version = "0.52.0"
source = "registry+https://github.com/rust-lang/crates.io-index"
checksum = "33ab640c8d7e35bf8ba19b884ba838ceb4fba93a4e8c65a9059d08afcfc683d9"
dependencies = [
 "windows-targets",
]

[[package]]
name = "windows-link"
version = "0.2.1"
source = "registry+https://github.com/rust-lang/crates.io-index"
checksum = "f0805222e57f7521d6a62e36fa9163bc891acd422f971defe97d64e70d0a4fe5"

[[package]]
name = "windows-sys"
version = "0.61.2"
source = "registry+https://github.com/rust-lang/crates.io-index"
checksum = "ae137229bcbd6cdf0f7b80a31df61766145077ddf49416a728b02cb3921ff3fc"
dependencies = [
 "windows-link",
]

[[package]]
name = "windows-targets"
version = "0.52.6"
source = "registry+https://github.com/rust-lang/crates.io-index"
checksum = "9b724f72796e036ab90c1021d4780d4d3d648aca59e491e6b98e725b84e99973"
dependencies = [
 "windows_aarch64_gnullvm",
 "windows_aarch64_msvc",
 "windows_i686_gnu",
 "windows_i686_gnullvm",
 "windows_i686_msvc",
 "windows_x86_64_gnu",
 "windows_x86_64_gnullvm",
 "windows_x86_64_msvc",
]

[[package]]
name = "windows_aarch64_gnullvm"
version = "0.52.6"
source = "registry+https://github.com/rust-lang/crates.io-index"
checksum = "32a4622180e7a0ec044bb555404c800bc9fd9ec262ec147edd5989ccd0c02cd3"

[[package]]
name = "windows_aarch64_msvc"
version = "0.52.6"
source = "registry+https://github.com/rust-lang/crates.io-index"
checksum = "09ec2a7bb152e2252b53fa7803150007879548bc709c039df7627cabbd05d469"

[[package]]
name = "windows_i686_gnu"
version = "0.52.6"
source = "registry+https://github.com/rust-lang/crates.io-index"
checksum = "8e9b5ad5ab802e97eb8e295ac6720e509ee4c243f69d781394014ebfe8bbfa0b"

[[package]]
name = "windows_i686_gnullvm"
version = "0.52.6"
source = "registry+https://github.com/rust-lang/crates.io-index"
checksum = "0eee52d38c090b3caa76c563b86c3a4bd71ef1a819287c19d586d7334ae8ed66"

[[package]]
name = "windows_i686_msvc"
version = "0.52.6"
source = "registry+https://github.com/rust-lang/crates.io-index"
checksum = "240948bc05c5e7c6dabba28bf89d89ffce3e303022809e73deaefe4f6ec56c66"

[[package]]
name = "windows_x86_64_gnu"
version = "0.52.6"
source = "registry+https://github.com/rust-lang/crates.io-index"
checksum = "147a5c80aabfbf0c7d901cb5895d1de30ef2907eb21fbbab29ca94c5b08b1a78"

[[package]]
name = "windows_x86_64_gnullvm"
version = "0.52.6"
source = "registry+https://github.com/rust-lang/crates.io-index"
checksum = "24d5b23dc417412679681396f2b49f3de8c1473deb516bd34410872eff51ed0d"

[[package]]
name = "windows_x86_64_msvc"
version = "0.52.6"
source = "registry+https://github.com/rust-lang/crates.io-index"
checksum = "589f6da84c646204747d1270a2a5661ea66ed1cced2631d546fdfb155959f9ec"

[[package]]
name = "zip"
version = "8.6.0"
source = "registry+https://github.com/rust-lang/crates.io-index"
checksum = "2d04a6b5381502aa6087c94c669499eb1602eb9c5e8198e534de571f7154809b"
dependencies = [
 "crc32fast",
 "flate2",
 "indexmap",
 "memchr",
 "typed-path",
 "zopfli",
]

[[package]]
name = "zlib-rs"
version = "0.6.3"
source = "registry+https://github.com/rust-lang/crates.io-index"
checksum = "3be3d40e40a133f9c916ee3f9f4fa2d9d63435b5fbe1bfc6d9dae0aa0ada1513"

[[package]]
name = "zmij"
version = "1.0.21"
source = "registry+https://github.com/rust-lang/crates.io-index"
checksum = "b8848ee67ecc8aedbaf3e4122217aff892639231befc6a1b58d29fff4c2cabaa"

[[package]]
name = "zopfli"
version = "0.8.3"
source = "registry+https://github.com/rust-lang/crates.io-index"
checksum = "f05cd8797d63865425ff89b5c4a48804f35ba0ce8d125800027ad6017d2b5249"
dependencies = [
 "bumpalo",
 "crc32fast",
 "log",
 "simd-adler32",
]
